
Microsoft Visual Studio Solution File, Format Version 12.00
# Visual Studio Version 17
VisualStudioVersion = 17.1.32407.343
MinimumVisualStudioVersion = 10.0.40219.1
Project("{FAE04EC0-301F-11D3-BF4B-00C04F79EFBC}") = "primer parcial de fundamento de programacion", "primer parcial de fundamento de programacion\primer parcial de fundamento de programacion.csproj", "{04060446-C570-47CF-B344-F729E7B0093C}"
EndProject
Global
	GlobalSection(SolutionConfigurationPlatforms) = preSolution
		Debug|Any CPU = Debug|Any CPU
		Release|Any CPU = Release|Any CPU
	EndGlobalSection
	GlobalSection(ProjectConfigurationPlatforms) = postSolution
		{04060446-C570-47CF-B344-F729E7B0093C}.Debug|Any CPU.ActiveCfg = Debug|Any CPU
		{04060446-C570-47CF-B344-F729E7B0093C}.Debug|Any CPU.Build.0 = Debug|Any CPU
		{04060446-C570-47CF-B344-F729E7B0093C}.Release|Any CPU.ActiveCfg = Release|Any CPU
		{04060446-C570-47CF-B344-F729E7B0093C}.Release|Any CPU.Build.0 = Release|Any CPU
	EndGlobalSection
	GlobalSection(SolutionProperties) = preSolution
		HideSolutionNode = FALSE
	EndGlobalSection
	GlobalSection(ExtensibilityGlobals) = postSolution
		SolutionGuid = {BEAAC5F5-C499-46D1-892B-BD93C94A1825}
	EndGlobalSection
EndGlobal
